// !$*UTF8*$!
{
	archiveVersion = 1;
	classes = {
	};
	objectVersion = 56;
	objects = {

/* Begin PBXBuildFile section */
		F215B70E2B31AF8C00D0F31D /* Alamofire in Frameworks */ = {isa = PBXBuildFile; productRef = F215B70D2B31AF8C00D0F31D /* Alamofire */; };
		F215B7102B31E11000D0F31D /* String.swift in Sources */ = {isa = PBXBuildFile; fileRef = F215B70F2B31E11000D0F31D /* String.swift */; };
		F24337D72B49C137007F9B53 /* GoogleMobileAds in Frameworks */ = {isa = PBXBuildFile; productRef = F24337D62B49C137007F9B53 /* GoogleMobileAds */; };
		F24337DE2B49C66D007F9B53 /* InterstitialAd.swift in Sources */ = {isa = PBXBuildFile; fileRef = F24337DB2B49C66D007F9B53 /* InterstitialAd.swift */; };
		F24337E02B49C6C5007F9B53 /* Definitions.swift in Sources */ = {isa = PBXBuildFile; fileRef = F24337DF2B49C6C5007F9B53 /* Definitions.swift */; };
		F24337F02B49DC1F007F9B53 /* AppOpenAd.swift in Sources */ = {isa = PBXBuildFile; fileRef = F24337EE2B49DC1F007F9B53 /* AppOpenAd.swift */; };
		F24337F12B49DC1F007F9B53 /* BannerAdView.swift in Sources */ = {isa = PBXBuildFile; fileRef = F24337EF2B49DC1F007F9B53 /* BannerAdView.swift */; };
		F2A690912B345FB8004A29E5 /* DetailModel.swift in Sources */ = {isa = PBXBuildFile; fileRef = F2A690902B345FB8004A29E5 /* DetailModel.swift */; };
		F2ACD8962B40799B00B57D59 /* VideoDownloaderViewModel.swift in Sources */ = {isa = PBXBuildFile; fileRef = F2ACD8952B40799B00B57D59 /* VideoDownloaderViewModel.swift */; };
		F2BBB81A2B192A2400F19867 /* TwitterMediaModel.swift in Sources */ = {isa = PBXBuildFile; fileRef = F2BBB8192B192A2400F19867 /* TwitterMediaModel.swift */; };
		F2DB4BAB2B51BD88005F63E0 /* HelpView.swift in Sources */ = {isa = PBXBuildFile; fileRef = F2DB4BAA2B51BD88005F63E0 /* HelpView.swift */; };
		F2DB4BB22B51C417005F63E0 /* help1.png in Resources */ = {isa = PBXBuildFile; fileRef = F2DB4BAD2B51C417005F63E0 /* help1.png */; };
		F2DB4BB32B51C417005F63E0 /* help5.png in Resources */ = {isa = PBXBuildFile; fileRef = F2DB4BAE2B51C417005F63E0 /* help5.png */; };
		F2DB4BB42B51C417005F63E0 /* help3.png in Resources */ = {isa = PBXBuildFile; fileRef = F2DB4BAF2B51C417005F63E0 /* help3.png */; };
		F2DB4BB52B51C417005F63E0 /* help4.png in Resources */ = {isa = PBXBuildFile; fileRef = F2DB4BB02B51C417005F63E0 /* help4.png */; };
		F2DB4BB62B51C417005F63E0 /* help2.png in Resources */ = {isa = PBXBuildFile; fileRef = F2DB4BB12B51C417005F63E0 /* help2.png */; };
		F2DB4BB82B51C48D005F63E0 /* HelpModel.swift in Sources */ = {isa = PBXBuildFile; fileRef = F2DB4BB72B51C48D005F63E0 /* HelpModel.swift */; };
		F2E35B9A2B060FA800B0F09B /* xDownApp.swift in Sources */ = {isa = PBXBuildFile; fileRef = F2E35B992B060FA800B0F09B /* xDownApp.swift */; };
		F2E35B9C2B060FA800B0F09B /* HomeView.swift in Sources */ = {isa = PBXBuildFile; fileRef = F2E35B9B2B060FA800B0F09B /* HomeView.swift */; };
		F2E35B9E2B060FA800B0F09B /* Assets.xcassets in Resources */ = {isa = PBXBuildFile; fileRef = F2E35B9D2B060FA800B0F09B /* Assets.xcassets */; };
		F2E35BA12B060FA800B0F09B /* Preview Assets.xcassets in Resources */ = {isa = PBXBuildFile; fileRef = F2E35BA02B060FA800B0F09B /* Preview Assets.xcassets */; };
		F2E35BA92B0612CA00B0F09B /* RoundedStyleModifier.swift in Sources */ = {isa = PBXBuildFile; fileRef = F2E35BA82B0612CA00B0F09B /* RoundedStyleModifier.swift */; };
		F2E35BAD2B062D6B00B0F09B /* TwitterViewModel.swift in Sources */ = {isa = PBXBuildFile; fileRef = F2E35BAC2B062D6B00B0F09B /* TwitterViewModel.swift */; };
		F2E35BAF2B062D8700B0F09B /* script.js in Resources */ = {isa = PBXBuildFile; fileRef = F2E35BAE2B062D8700B0F09B /* script.js */; };
		F2F6CB242B1A5DCB001AC2EA /* DownloadView.swift in Sources */ = {isa = PBXBuildFile; fileRef = F2F6CB232B1A5DCB001AC2EA /* DownloadView.swift */; };
		F2F6CB272B1A6355001AC2EA /* SDWebImageSwiftUI in Frameworks */ = {isa = PBXBuildFile; productRef = F2F6CB262B1A6355001AC2EA /* SDWebImageSwiftUI */; };
		F2F82CF12B42D531004782CD /* ShareViewController.swift in Sources */ = {isa = PBXBuildFile; fileRef = F2F82CF02B42D531004782CD /* ShareViewController.swift */; };
		F2F82CF82B42D531004782CD /* shared.appex in Embed Foundation Extensions */ = {isa = PBXBuildFile; fileRef = F2F82CEE2B42D530004782CD /* shared.appex */; settings = {ATTRIBUTES = (RemoveHeadersOnCopy, ); }; };
		F2F82D012B42E350004782CD /* MainInterface.storyboard in Resources */ = {isa = PBXBuildFile; fileRef = F2F82D002B42E34F004782CD /* MainInterface.storyboard */; };
/* End PBXBuildFile section */

/* Begin PBXContainerItemProxy section */
		F2F82CF62B42D531004782CD /* PBXContainerItemProxy */ = {
			isa = PBXContainerItemProxy;
			containerPortal = F2E35B8E2B060FA700B0F09B /* Project object */;
			proxyType = 1;
			remoteGlobalIDString = F2F82CED2B42D530004782CD;
			remoteInfo = shared;
		};
/* End PBXContainerItemProxy section */

/* Begin PBXCopyFilesBuildPhase section */
		F2F82CF92B42D531004782CD /* Embed Foundation Extensions */ = {
			isa = PBXCopyFilesBuildPhase;
			buildActionMask = 2147483647;
			dstPath = "";
			dstSubfolderSpec = 13;
			files = (
				F2F82CF82B42D531004782CD /* shared.appex in Embed Foundation Extensions */,
			);
			name = "Embed Foundation Extensions";
			runOnlyForDeploymentPostprocessing = 0;
		};
/* End PBXCopyFilesBuildPhase section */

/* Begin PBXFileReference section */
		F215B70F2B31E11000D0F31D /* String.swift */ = {isa = PBXFileReference; fileEncoding = 4; lastKnownFileType = sourcecode.swift; path = String.swift; sourceTree = "<group>"; };
		F24337DB2B49C66D007F9B53 /* InterstitialAd.swift */ = {isa = PBXFileReference; fileEncoding = 4; lastKnownFileType = sourcecode.swift; path = InterstitialAd.swift; sourceTree = "<group>"; };
		F24337DF2B49C6C5007F9B53 /* Definitions.swift */ = {isa = PBXFileReference; fileEncoding = 4; lastKnownFileType = sourcecode.swift; path = Definitions.swift; sourceTree = "<group>"; };
		F24337EE2B49DC1F007F9B53 /* AppOpenAd.swift */ = {isa = PBXFileReference; fileEncoding = 4; lastKnownFileType = sourcecode.swift; path = AppOpenAd.swift; sourceTree = "<group>"; };
		F24337EF2B49DC1F007F9B53 /* BannerAdView.swift */ = {isa = PBXFileReference; fileEncoding = 4; lastKnownFileType = sourcecode.swift; path = BannerAdView.swift; sourceTree = "<group>"; };
		F2A690902B345FB8004A29E5 /* DetailModel.swift */ = {isa = PBXFileReference; lastKnownFileType = sourcecode.swift; path = DetailModel.swift; sourceTree = "<group>"; };
		F2ACD8952B40799B00B57D59 /* VideoDownloaderViewModel.swift */ = {isa = PBXFileReference; lastKnownFileType = sourcecode.swift; path = VideoDownloaderViewModel.swift; sourceTree = "<group>"; };
		F2BBB8192B192A2400F19867 /* TwitterMediaModel.swift */ = {isa = PBXFileReference; lastKnownFileType = sourcecode.swift; path = TwitterMediaModel.swift; sourceTree = "<group>"; };
		F2DB4BAA2B51BD88005F63E0 /* HelpView.swift */ = {isa = PBXFileReference; lastKnownFileType = sourcecode.swift; path = HelpView.swift; sourceTree = "<group>"; };
		F2DB4BAD2B51C417005F63E0 /* help1.png */ = {isa = PBXFileReference; lastKnownFileType = image.png; path = help1.png; sourceTree = "<group>"; };
		F2DB4BAE2B51C417005F63E0 /* help5.png */ = {isa = PBXFileReference; lastKnownFileType = image.png; path = help5.png; sourceTree = "<group>"; };
		F2DB4BAF2B51C417005F63E0 /* help3.png */ = {isa = PBXFileReference; lastKnownFileType = image.png; path = help3.png; sourceTree = "<group>"; };
		F2DB4BB02B51C417005F63E0 /* help4.png */ = {isa = PBXFileReference; lastKnownFileType = image.png; path = help4.png; sourceTree = "<group>"; };
		F2DB4BB12B51C417005F63E0 /* help2.png */ = {isa = PBXFileReference; lastKnownFileType = image.png; path = help2.png; sourceTree = "<group>"; };
		F2DB4BB72B51C48D005F63E0 /* HelpModel.swift */ = {isa = PBXFileReference; lastKnownFileType = sourcecode.swift; path = HelpModel.swift; sourceTree = "<group>"; };
		F2E35B962B060FA800B0F09B /* xDown.app */ = {isa = PBXFileReference; explicitFileType = wrapper.application; includeInIndex = 0; path = xDown.app; sourceTree = BUILT_PRODUCTS_DIR; };
		F2E35B992B060FA800B0F09B /* xDownApp.swift */ = {isa = PBXFileReference; lastKnownFileType = sourcecode.swift; path = xDownApp.swift; sourceTree = "<group>"; };
		F2E35B9B2B060FA800B0F09B /* HomeView.swift */ = {isa = PBXFileReference; lastKnownFileType = sourcecode.swift; path = HomeView.swift; sourceTree = "<group>"; };
		F2E35B9D2B060FA800B0F09B /* Assets.xcassets */ = {isa = PBXFileReference; lastKnownFileType = folder.assetcatalog; path = Assets.xcassets; sourceTree = "<group>"; };
		F2E35BA02B060FA800B0F09B /* Preview Assets.xcassets */ = {isa = PBXFileReference; lastKnownFileType = folder.assetcatalog; path = "Preview Assets.xcassets"; sourceTree = "<group>"; };
		F2E35BA82B0612CA00B0F09B /* RoundedStyleModifier.swift */ = {isa = PBXFileReference; fileEncoding = 4; lastKnownFileType = sourcecode.swift; path = RoundedStyleModifier.swift; sourceTree = "<group>"; };
		F2E35BAC2B062D6B00B0F09B /* TwitterViewModel.swift */ = {isa = PBXFileReference; fileEncoding = 4; lastKnownFileType = sourcecode.swift; path = TwitterViewModel.swift; sourceTree = "<group>"; };
		F2E35BAE2B062D8700B0F09B /* script.js */ = {isa = PBXFileReference; fileEncoding = 4; lastKnownFileType = sourcecode.javascript; path = script.js; sourceTree = "<group>"; };
		F2F6CB232B1A5DCB001AC2EA /* DownloadView.swift */ = {isa = PBXFileReference; lastKnownFileType = sourcecode.swift; path = DownloadView.swift; sourceTree = "<group>"; };
		F2F82CEE2B42D530004782CD /* shared.appex */ = {isa = PBXFileReference; explicitFileType = "wrapper.app-extension"; includeInIndex = 0; path = shared.appex; sourceTree = BUILT_PRODUCTS_DIR; };
		F2F82CF02B42D531004782CD /* ShareViewController.swift */ = {isa = PBXFileReference; lastKnownFileType = sourcecode.swift; path = ShareViewController.swift; sourceTree = "<group>"; };
		F2F82CF52B42D531004782CD /* Info.plist */ = {isa = PBXFileReference; lastKnownFileType = text.plist.xml; path = Info.plist; sourceTree = "<group>"; };
		F2F82CFE2B42E025004782CD /* xDown.entitlements */ = {isa = PBXFileReference; lastKnownFileType = text.plist.entitlements; path = xDown.entitlements; sourceTree = "<group>"; };
		F2F82CFF2B42E034004782CD /* shared.entitlements */ = {isa = PBXFileReference; lastKnownFileType = text.plist.entitlements; path = shared.entitlements; sourceTree = "<group>"; };
		F2F82D002B42E34F004782CD /* MainInterface.storyboard */ = {isa = PBXFileReference; fileEncoding = 4; lastKnownFileType = file.storyboard; path = MainInterface.storyboard; sourceTree = "<group>"; };
/* End PBXFileReference section */

/* Begin PBXFrameworksBuildPhase section */
		F2E35B932B060FA800B0F09B /* Frameworks */ = {
			isa = PBXFrameworksBuildPhase;
			buildActionMask = 2147483647;
			files = (
				F24337D72B49C137007F9B53 /* GoogleMobileAds in Frameworks */,
				F2F6CB272B1A6355001AC2EA /* SDWebImageSwiftUI in Frameworks */,
				F215B70E2B31AF8C00D0F31D /* Alamofire in Frameworks */,
			);
			runOnlyForDeploymentPostprocessing = 0;
		};
		F2F82CEB2B42D530004782CD /* Frameworks */ = {
			isa = PBXFrameworksBuildPhase;
			buildActionMask = 2147483647;
			files = (
			);
			runOnlyForDeploymentPostprocessing = 0;
		};
/* End PBXFrameworksBuildPhase section */

/* Begin PBXGroup section */
		F24337D82B49C66D007F9B53 /* Admob */ = {
			isa = PBXGroup;
			children = (
				F24337EF2B49DC1F007F9B53 /* BannerAdView.swift */,
				F24337EE2B49DC1F007F9B53 /* AppOpenAd.swift */,
				F24337DB2B49C66D007F9B53 /* InterstitialAd.swift */,
			);
			path = Admob;
			sourceTree = "<group>";
		};
		F2A690922B34620D004A29E5 /* Model */ = {
			isa = PBXGroup;
			children = (
				F2A690902B345FB8004A29E5 /* DetailModel.swift */,
				F2BBB8192B192A2400F19867 /* TwitterMediaModel.swift */,
				F2DB4BB72B51C48D005F63E0 /* HelpModel.swift */,
			);
			path = Model;
			sourceTree = "<group>";
		};
		F2DB4BA92B51BD52005F63E0 /* View */ = {
			isa = PBXGroup;
			children = (
				F2E35B9B2B060FA800B0F09B /* HomeView.swift */,
				F2F6CB232B1A5DCB001AC2EA /* DownloadView.swift */,
				F2DB4BAA2B51BD88005F63E0 /* HelpView.swift */,
			);
			path = View;
			sourceTree = "<group>";
		};
		F2DB4BAC2B51C3E3005F63E0 /* HelpMasterImage */ = {
			isa = PBXGroup;
			children = (
				F2DB4BAD2B51C417005F63E0 /* help1.png */,
				F2DB4BB12B51C417005F63E0 /* help2.png */,
				F2DB4BAF2B51C417005F63E0 /* help3.png */,
				F2DB4BB02B51C417005F63E0 /* help4.png */,
				F2DB4BAE2B51C417005F63E0 /* help5.png */,
			);
			path = HelpMasterImage;
			sourceTree = "<group>";
		};
		F2E35B8D2B060FA700B0F09B = {
			isa = PBXGroup;
			children = (
				F2E35B982B060FA800B0F09B /* xDown */,
				F2F82CEF2B42D531004782CD /* shared */,
				F2E35B972B060FA800B0F09B /* Products */,
			);
			sourceTree = "<group>";
		};
		F2E35B972B060FA800B0F09B /* Products */ = {
			isa = PBXGroup;
			children = (
				F2E35B962B060FA800B0F09B /* xDown.app */,
				F2F82CEE2B42D530004782CD /* shared.appex */,
			);
			name = Products;
			sourceTree = "<group>";
		};
		F2E35B982B060FA800B0F09B /* xDown */ = {
			isa = PBXGroup;
			children = (
				F2DB4BAC2B51C3E3005F63E0 /* HelpMasterImage */,
				F2F82CFE2B42E025004782CD /* xDown.entitlements */,
				F24337DF2B49C6C5007F9B53 /* Definitions.swift */,
				F2E35B992B060FA800B0F09B /* xDownApp.swift */,
				F2E35BA72B0612C400B0F09B /* Extensions */,
				F2A690922B34620D004A29E5 /* Model */,
				F2E35BB02B062E0A00B0F09B /* ViewModel */,
				F2DB4BA92B51BD52005F63E0 /* View */,
				F24337D82B49C66D007F9B53 /* Admob */,
				F2E35B9D2B060FA800B0F09B /* Assets.xcassets */,
				F2E35B9F2B060FA800B0F09B /* Preview Content */,
			);
			path = xDown;
			sourceTree = "<group>";
		};
		F2E35B9F2B060FA800B0F09B /* Preview Content */ = {
			isa = PBXGroup;
			children = (
				F2E35BA02B060FA800B0F09B /* Preview Assets.xcassets */,
			);
			path = "Preview Content";
			sourceTree = "<group>";
		};
		F2E35BA72B0612C400B0F09B /* Extensions */ = {
			isa = PBXGroup;
			children = (
				F2E35BAE2B062D8700B0F09B /* script.js */,
				F215B70F2B31E11000D0F31D /* String.swift */,
				F2E35BA82B0612CA00B0F09B /* RoundedStyleModifier.swift */,
			);
			path = Extensions;
			sourceTree = "<group>";
		};
		F2E35BB02B062E0A00B0F09B /* ViewModel */ = {
			isa = PBXGroup;
			children = (
				F2E35BAC2B062D6B00B0F09B /* TwitterViewModel.swift */,
				F2ACD8952B40799B00B57D59 /* VideoDownloaderViewModel.swift */,
			);
			path = ViewModel;
			sourceTree = "<group>";
		};
		F2F82CEF2B42D531004782CD /* shared */ = {
			isa = PBXGroup;
			children = (
				F2F82D002B42E34F004782CD /* MainInterface.storyboard */,
				F2F82CFF2B42E034004782CD /* shared.entitlements */,
				F2F82CF02B42D531004782CD /* ShareViewController.swift */,
				F2F82CF52B42D531004782CD /* Info.plist */,
			);
			path = shared;
			sourceTree = "<group>";
		};
/* End PBXGroup section */

/* Begin PBXNativeTarget section */
		F2E35B952B060FA800B0F09B /* xDown */ = {
			isa = PBXNativeTarget;
			buildConfigurationList = F2E35BA42B060FA800B0F09B /* Build configuration list for PBXNativeTarget "xDown" */;
			buildPhases = (
				F2E35B922B060FA800B0F09B /* Sources */,
				F2E35B932B060FA800B0F09B /* Frameworks */,
				F2E35B942B060FA800B0F09B /* Resources */,
				F2F82CF92B42D531004782CD /* Embed Foundation Extensions */,
			);
			buildRules = (
			);
			dependencies = (
				F2F82CF72B42D531004782CD /* PBXTargetDependency */,
			);
			name = xDown;
			packageProductDependencies = (
				F2F6CB262B1A6355001AC2EA /* SDWebImageSwiftUI */,
				F215B70D2B31AF8C00D0F31D /* Alamofire */,
				F24337D62B49C137007F9B53 /* GoogleMobileAds */,
			);
			productName = xDown;
			productReference = F2E35B962B060FA800B0F09B /* xDown.app */;
			productType = "com.apple.product-type.application";
		};
		F2F82CED2B42D530004782CD /* shared */ = {
			isa = PBXNativeTarget;
			buildConfigurationList = F2F82CFC2B42D531004782CD /* Build configuration list for PBXNativeTarget "shared" */;
			buildPhases = (
				F2F82CEA2B42D530004782CD /* Sources */,
				F2F82CEB2B42D530004782CD /* Frameworks */,
				F2F82CEC2B42D530004782CD /* Resources */,
			);
			buildRules = (
			);
			dependencies = (
			);
			name = shared;
			productName = shared;
			productReference = F2F82CEE2B42D530004782CD /* shared.appex */;
			productType = "com.apple.product-type.app-extension";
		};
/* End PBXNativeTarget section */

/* Begin PBXProject section */
		F2E35B8E2B060FA700B0F09B /* Project object */ = {
			isa = PBXProject;
			attributes = {
				BuildIndependentTargetsInParallel = 1;
				LastSwiftUpdateCheck = 1430;
				LastUpgradeCheck = 1430;
				TargetAttributes = {
					F2E35B952B060FA800B0F09B = {
						CreatedOnToolsVersion = 14.3.1;
					};
					F2F82CED2B42D530004782CD = {
						CreatedOnToolsVersion = 14.3.1;
					};
				};
			};
			buildConfigurationList = F2E35B912B060FA800B0F09B /* Build configuration list for PBXProject "xDown" */;
			compatibilityVersion = "Xcode 14.0";
			developmentRegion = en;
			hasScannedForEncodings = 0;
			knownRegions = (
				en,
				Base,
			);
			mainGroup = F2E35B8D2B060FA700B0F09B;
			packageReferences = (
				F2F6CB252B1A6355001AC2EA /* XCRemoteSwiftPackageReference "SDWebImageSwiftUI" */,
				F215B70C2B31AF8C00D0F31D /* XCRemoteSwiftPackageReference "Alamofire" */,
				F24337D52B49C137007F9B53 /* XCRemoteSwiftPackageReference "swift-package-manager-google-mobile-ads" */,
			);
			productRefGroup = F2E35B972B060FA800B0F09B /* Products */;
			projectDirPath = "";
			projectRoot = "";
			targets = (
				F2E35B952B060FA800B0F09B /* xDown */,
				F2F82CED2B42D530004782CD /* shared */,
			);
		};
/* End PBXProject section */

/* Begin PBXResourcesBuildPhase section */
		F2E35B942B060FA800B0F09B /* Resources */ = {
			isa = PBXResourcesBuildPhase;
			buildActionMask = 2147483647;
			files = (
				F2E35BA12B060FA800B0F09B /* Preview Assets.xcassets in Resources */,
				F2E35BAF2B062D8700B0F09B /* script.js in Resources */,
				F2DB4BB22B51C417005F63E0 /* help1.png in Resources */,
				F2DB4BB32B51C417005F63E0 /* help5.png in Resources */,
				F2DB4BB52B51C417005F63E0 /* help4.png in Resources */,
				F2DB4BB42B51C417005F63E0 /* help3.png in Resources */,
				F2E35B9E2B060FA800B0F09B /* Assets.xcassets in Resources */,
				F2DB4BB62B51C417005F63E0 /* help2.png in Resources */,
			);
			runOnlyForDeploymentPostprocessing = 0;
		};
		F2F82CEC2B42D530004782CD /* Resources */ = {
			isa = PBXResourcesBuildPhase;
			buildActionMask = 2147483647;
			files = (
				F2F82D012B42E350004782CD /* MainInterface.storyboard in Resources */,
			);
			runOnlyForDeploymentPostprocessing = 0;
		};
/* End PBXResourcesBuildPhase section */

/* Begin PBXSourcesBuildPhase section */
		F2E35B922B060FA800B0F09B /* Sources */ = {
			isa = PBXSourcesBuildPhase;
			buildActionMask = 2147483647;
			files = (
				F2A690912B345FB8004A29E5 /* DetailModel.swift in Sources */,
				F2F6CB242B1A5DCB001AC2EA /* DownloadView.swift in Sources */,
				F2E35B9C2B060FA800B0F09B /* HomeView.swift in Sources */,
				F2DB4BAB2B51BD88005F63E0 /* HelpView.swift in Sources */,
				F2ACD8962B40799B00B57D59 /* VideoDownloaderViewModel.swift in Sources */,
				F24337E02B49C6C5007F9B53 /* Definitions.swift in Sources */,
				F24337DE2B49C66D007F9B53 /* InterstitialAd.swift in Sources */,
				F24337F02B49DC1F007F9B53 /* AppOpenAd.swift in Sources */,
				F2E35BAD2B062D6B00B0F09B /* TwitterViewModel.swift in Sources */,
				F2DB4BB82B51C48D005F63E0 /* HelpModel.swift in Sources */,
				F2E35BA92B0612CA00B0F09B /* RoundedStyleModifier.swift in Sources */,
				F215B7102B31E11000D0F31D /* String.swift in Sources */,
				F2E35B9A2B060FA800B0F09B /* xDownApp.swift in Sources */,
				F24337F12B49DC1F007F9B53 /* BannerAdView.swift in Sources */,
				F2BBB81A2B192A2400F19867 /* TwitterMediaModel.swift in Sources */,
			);
			runOnlyForDeploymentPostprocessing = 0;
		};
		F2F82CEA2B42D530004782CD /* Sources */ = {
			isa = PBXSourcesBuildPhase;
			buildActionMask = 2147483647;
			files = (
				F2F82CF12B42D531004782CD /* ShareViewController.swift in Sources */,
			);
			runOnlyForDeploymentPostprocessing = 0;
		};
/* End PBXSourcesBuildPhase section */

/* Begin PBXTargetDependency section */
		F2F82CF72B42D531004782CD /* PBXTargetDependency */ = {
			isa = PBXTargetDependency;
			target = F2F82CED2B42D530004782CD /* shared */;
			targetProxy = F2F82CF62B42D531004782CD /* PBXContainerItemProxy */;
		};
/* End PBXTargetDependency section */

/* Begin XCBuildConfiguration section */
		F2E35BA22B060FA800B0F09B /* Debug */ = {
			isa = XCBuildConfiguration;
			buildSettings = {
				ALWAYS_SEARCH_USER_PATHS = NO;
				CLANG_ANALYZER_NONNULL = YES;
				CLANG_ANALYZER_NUMBER_OBJECT_CONVERSION = YES_AGGRESSIVE;
				CLANG_CXX_LANGUAGE_STANDARD = "gnu++20";
				CLANG_ENABLE_MODULES = YES;
				CLANG_ENABLE_OBJC_ARC = YES;
				CLANG_ENABLE_OBJC_WEAK = YES;
				CLANG_WARN_BLOCK_CAPTURE_AUTORELEASING = YES;
				CLANG_WARN_BOOL_CONVERSION = YES;
				CLANG_WARN_COMMA = YES;
				CLANG_WARN_CONSTANT_CONVERSION = YES;
				CLANG_WARN_DEPRECATED_OBJC_IMPLEMENTATIONS = YES;
				CLANG_WARN_DIRECT_OBJC_ISA_USAGE = YES_ERROR;
				CLANG_WARN_DOCUMENTATION_COMMENTS = YES;
				CLANG_WARN_EMPTY_BODY = YES;
				CLANG_WARN_ENUM_CONVERSION = YES;
				CLANG_WARN_INFINITE_RECURSION = YES;
				CLANG_WARN_INT_CONVERSION = YES;
				CLANG_WARN_NON_LITERAL_NULL_CONVERSION = YES;
				CLANG_WARN_OBJC_IMPLICIT_RETAIN_SELF = YES;
				CLANG_WARN_OBJC_LITERAL_CONVERSION = YES;
				CLANG_WARN_OBJC_ROOT_CLASS = YES_ERROR;
				CLANG_WARN_QUOTED_INCLUDE_IN_FRAMEWORK_HEADER = YES;
				CLANG_WARN_RANGE_LOOP_ANALYSIS = YES;
				CLANG_WARN_STRICT_PROTOTYPES = YES;
				CLANG_WARN_SUSPICIOUS_MOVE = YES;
				CLANG_WARN_UNGUARDED_AVAILABILITY = YES_AGGRESSIVE;
				CLANG_WARN_UNREACHABLE_CODE = YES;
				CLANG_WARN__DUPLICATE_METHOD_MATCH = YES;
				COPY_PHASE_STRIP = NO;
				DEBUG_INFORMATION_FORMAT = dwarf;
				ENABLE_STRICT_OBJC_MSGSEND = YES;
				ENABLE_TESTABILITY = YES;
				GCC_C_LANGUAGE_STANDARD = gnu11;
				GCC_DYNAMIC_NO_PIC = NO;
				GCC_NO_COMMON_BLOCKS = YES;
				GCC_OPTIMIZATION_LEVEL = 0;
				GCC_PREPROCESSOR_DEFINITIONS = (
					"DEBUG=1",
					"$(inherited)",
				);
				GCC_WARN_64_TO_32_BIT_CONVERSION = YES;
				GCC_WARN_ABOUT_RETURN_TYPE = YES_ERROR;
				GCC_WARN_UNDECLARED_SELECTOR = YES;
				GCC_WARN_UNINITIALIZED_AUTOS = YES_AGGRESSIVE;
				GCC_WARN_UNUSED_FUNCTION = YES;
				GCC_WARN_UNUSED_VARIABLE = YES;
				IPHONEOS_DEPLOYMENT_TARGET = 14.0;
				MTL_ENABLE_DEBUG_INFO = INCLUDE_SOURCE;
				MTL_FAST_MATH = YES;
				ONLY_ACTIVE_ARCH = YES;
				SDKROOT = iphoneos;
				SWIFT_ACTIVE_COMPILATION_CONDITIONS = DEBUG;
				SWIFT_OPTIMIZATION_LEVEL = "-Onone";
			};
			name = Debug;
		};
		F2E35BA32B060FA800B0F09B /* Release */ = {
			isa = XCBuildConfiguration;
			buildSettings = {
				ALWAYS_SEARCH_USER_PATHS = NO;
				CLANG_ANALYZER_NONNULL = YES;
				CLANG_ANALYZER_NUMBER_OBJECT_CONVERSION = YES_AGGRESSIVE;
				CLANG_CXX_LANGUAGE_STANDARD = "gnu++20";
				CLANG_ENABLE_MODULES = YES;
				CLANG_ENABLE_OBJC_ARC = YES;
				CLANG_ENABLE_OBJC_WEAK = YES;
				CLANG_WARN_BLOCK_CAPTURE_AUTORELEASING = YES;
				CLANG_WARN_BOOL_CONVERSION = YES;
				CLANG_WARN_COMMA = YES;
				CLANG_WARN_CONSTANT_CONVERSION = YES;
				CLANG_WARN_DEPRECATED_OBJC_IMPLEMENTATIONS = YES;
				CLANG_WARN_DIRECT_OBJC_ISA_USAGE = YES_ERROR;
				CLANG_WARN_DOCUMENTATION_COMMENTS = YES;
				CLANG_WARN_EMPTY_BODY = YES;
				CLANG_WARN_ENUM_CONVERSION = YES;
				CLANG_WARN_INFINITE_RECURSION = YES;
				CLANG_WARN_INT_CONVERSION = YES;
				CLANG_WARN_NON_LITERAL_NULL_CONVERSION = YES;
				CLANG_WARN_OBJC_IMPLICIT_RETAIN_SELF = YES;
				CLANG_WARN_OBJC_LITERAL_CONVERSION = YES;
				CLANG_WARN_OBJC_ROOT_CLASS = YES_ERROR;
				CLANG_WARN_QUOTED_INCLUDE_IN_FRAMEWORK_HEADER = YES;
				CLANG_WARN_RANGE_LOOP_ANALYSIS = YES;
				CLANG_WARN_STRICT_PROTOTYPES = YES;
				CLANG_WARN_SUSPICIOUS_MOVE = YES;
				CLANG_WARN_UNGUARDED_AVAILABILITY = YES_AGGRESSIVE;
				CLANG_WARN_UNREACHABLE_CODE = YES;
				CLANG_WARN__DUPLICATE_METHOD_MATCH = YES;
				COPY_PHASE_STRIP = NO;
				DEBUG_INFORMATION_FORMAT = "dwarf-with-dsym";
				ENABLE_NS_ASSERTIONS = NO;
				ENABLE_STRICT_OBJC_MSGSEND = YES;
				GCC_C_LANGUAGE_STANDARD = gnu11;
				GCC_NO_COMMON_BLOCKS = YES;
				GCC_WARN_64_TO_32_BIT_CONVERSION = YES;
				GCC_WARN_ABOUT_RETURN_TYPE = YES_ERROR;
				GCC_WARN_UNDECLARED_SELECTOR = YES;
				GCC_WARN_UNINITIALIZED_AUTOS = YES_AGGRESSIVE;
				GCC_WARN_UNUSED_FUNCTION = YES;
				GCC_WARN_UNUSED_VARIABLE = YES;
				IPHONEOS_DEPLOYMENT_TARGET = 14.0;
				MTL_ENABLE_DEBUG_INFO = NO;
				MTL_FAST_MATH = YES;
				SDKROOT = iphoneos;
				SWIFT_COMPILATION_MODE = wholemodule;
				SWIFT_OPTIMIZATION_LEVEL = "-O";
				VALIDATE_PRODUCT = YES;
			};
			name = Release;
		};
		F2E35BA52B060FA800B0F09B /* Debug */ = {
			isa = XCBuildConfiguration;
			buildSettings = {
				ALWAYS_EMBED_SWIFT_STANDARD_LIBRARIES = YES;
				ASSETCATALOG_COMPILER_APPICON_NAME = AppIcon;
				ASSETCATALOG_COMPILER_GLOBAL_ACCENT_COLOR_NAME = AccentColor;
				CODE_SIGN_ENTITLEMENTS = xDown/xDown.entitlements;
				CODE_SIGN_STYLE = Automatic;
				CURRENT_PROJECT_VERSION = 1;
				DEVELOPMENT_ASSET_PATHS = "\"xDown/Preview Content\"";
				DEVELOPMENT_TEAM = 89TMSY79N6;
				ENABLE_PREVIEWS = YES;
				GENERATE_INFOPLIST_FILE = YES;
				INFOPLIST_FILE = xDown/Info.plist;
				INFOPLIST_KEY_NSPhotoLibraryUsageDescription = "We need your permission to save the video to your photo library.";
				INFOPLIST_KEY_UIApplicationSceneManifest_Generation = YES;
				INFOPLIST_KEY_UIApplicationSupportsIndirectInputEvents = YES;
				INFOPLIST_KEY_UILaunchScreen_Generation = YES;
				INFOPLIST_KEY_UISupportedInterfaceOrientations = UIInterfaceOrientationPortrait;
				IPHONEOS_DEPLOYMENT_TARGET = 14.0;
				LD_RUNPATH_SEARCH_PATHS = (
					"$(inherited)",
					"@executable_path/Frameworks",
				);
				MARKETING_VERSION = 1.0;
				"OTHER_LDFLAGS[arch=*]" = "-ObjC";
				PRODUCT_BUNDLE_IDENTIFIER = com.nevzatbozkurt.xDown;
				PRODUCT_NAME = "$(TARGET_NAME)";
				SUPPORTED_PLATFORMS = "iphoneos iphonesimulator";
				SUPPORTS_MACCATALYST = NO;
				SUPPORTS_MAC_DESIGNED_FOR_IPHONE_IPAD = YES;
				SWIFT_EMIT_LOC_STRINGS = YES;
				SWIFT_VERSION = 5.0;
				TARGETED_DEVICE_FAMILY = "1,2";
			};
			name = Debug;
		};
		F2E35BA62B060FA800B0F09B /* Release */ = {
			isa = XCBuildConfiguration;
			buildSettings = {
				ALWAYS_EMBED_SWIFT_STANDARD_LIBRARIES = YES;
				ASSETCATALOG_COMPILER_APPICON_NAME = AppIcon;
				ASSETCATALOG_COMPILER_GLOBAL_ACCENT_COLOR_NAME = AccentColor;
				CODE_SIGN_ENTITLEMENTS = xDown/xDown.entitlements;
				CODE_SIGN_STYLE = Automatic;
				CURRENT_PROJECT_VERSION = 1;
				DEVELOPMENT_ASSET_PATHS = "\"xDown/Preview Content\"";
				DEVELOPMENT_TEAM = 89TMSY79N6;
				ENABLE_PREVIEWS = YES;
				GENERATE_INFOPLIST_FILE = YES;
				INFOPLIST_FILE = xDown/Info.plist;
				INFOPLIST_KEY_NSPhotoLibraryUsageDescription = "We need your permission to save the video to your photo library.";
				INFOPLIST_KEY_UIApplicationSceneManifest_Generation = YES;
				INFOPLIST_KEY_UIApplicationSupportsIndirectInputEvents = YES;
				INFOPLIST_KEY_UILaunchScreen_Generation = YES;
				INFOPLIST_KEY_UISupportedInterfaceOrientations = UIInterfaceOrientationPortrait;
				IPHONEOS_DEPLOYMENT_TARGET = 14.0;
				LD_RUNPATH_SEARCH_PATHS = (
					"$(inherited)",
					"@executable_path/Frameworks",
				);
				MARKETING_VERSION = 1.0;
				"OTHER_LDFLAGS[arch=*]" = "-ObjC";
				PRODUCT_BUNDLE_IDENTIFIER = com.nevzatbozkurt.xDown;
				PRODUCT_NAME = "$(TARGET_NAME)";
				SUPPORTED_PLATFORMS = "iphoneos iphonesimulator";
				SUPPORTS_MACCATALYST = NO;
				SUPPORTS_MAC_DESIGNED_FOR_IPHONE_IPAD = YES;
				SWIFT_EMIT_LOC_STRINGS = YES;
				SWIFT_VERSION = 5.0;
				TARGETED_DEVICE_FAMILY = "1,2";
			};
			name = Release;
		};
		F2F82CFA2B42D531004782CD /* Debug */ = {
			isa = XCBuildConfiguration;
			buildSettings = {
				CODE_SIGN_ENTITLEMENTS = shared/shared.entitlements;
				CODE_SIGN_STYLE = Automatic;
				CURRENT_PROJECT_VERSION = 1;
				DEVELOPMENT_TEAM = 89TMSY79N6;
				GENERATE_INFOPLIST_FILE = YES;
				INFOPLIST_FILE = shared/Info.plist;
				INFOPLIST_KEY_CFBundleDisplayName = shared;
				INFOPLIST_KEY_NSHumanReadableCopyright = "";
				IPHONEOS_DEPLOYMENT_TARGET = 16.4;
				LD_RUNPATH_SEARCH_PATHS = (
					"$(inherited)",
					"@executable_path/Frameworks",
					"@executable_path/../../Frameworks",
				);
				MARKETING_VERSION = 1.0;
				PRODUCT_BUNDLE_IDENTIFIER = com.nevzatbozkurt.xDown.shared;
				PRODUCT_NAME = "$(TARGET_NAME)";
				SKIP_INSTALL = YES;
				SWIFT_EMIT_LOC_STRINGS = YES;
				SWIFT_VERSION = 5.0;
				TARGETED_DEVICE_FAMILY = "1,2";
			};
			name = Debug;
		};
		F2F82CFB2B42D531004782CD /* Release */ = {
			isa = XCBuildConfiguration;
			buildSettings = {
				CODE_SIGN_ENTITLEMENTS = shared/shared.entitlements;
				CODE_SIGN_STYLE = Automatic;
				CURRENT_PROJECT_VERSION = 1;
				DEVELOPMENT_TEAM = 89TMSY79N6;
				GENERATE_INFOPLIST_FILE = YES;
				INFOPLIST_FILE = shared/Info.plist;
				INFOPLIST_KEY_CFBundleDisplayName = shared;
				INFOPLIST_KEY_NSHumanReadableCopyright = "";
				IPHONEOS_DEPLOYMENT_TARGET = 16.4;
				LD_RUNPATH_SEARCH_PATHS = (
					"$(inherited)",
					"@executable_path/Frameworks",
					"@executable_path/../../Frameworks",
				);
				MARKETING_VERSION = 1.0;
				PRODUCT_BUNDLE_IDENTIFIER = com.nevzatbozkurt.xDown.shared;
				PRODUCT_NAME = "$(TARGET_NAME)";
				SKIP_INSTALL = YES;
				SWIFT_EMIT_LOC_STRINGS = YES;
				SWIFT_VERSION = 5.0;
				TARGETED_DEVICE_FAMILY = "1,2";
			};
			name = Release;
		};
/* End XCBuildConfiguration section */

/* Begin XCConfigurationList section */
		F2E35B912B060FA800B0F09B /* Build configuration list for PBXProject "xDown" */ = {
			isa = XCConfigurationList;
			buildConfigurations = (
				F2E35BA22B060FA800B0F09B /* Debug */,
				F2E35BA32B060FA800B0F09B /* Release */,
			);
			defaultConfigurationIsVisible = 0;
			defaultConfigurationName = Release;
		};
		F2E35BA42B060FA800B0F09B /* Build configuration list for PBXNativeTarget "xDown" */ = {
			isa = XCConfigurationList;
			buildConfigurations = (
				F2E35BA52B060FA800B0F09B /* Debug */,
				F2E35BA62B060FA800B0F09B /* Release */,
			);
			defaultConfigurationIsVisible = 0;
			defaultConfigurationName = Release;
		};
		F2F82CFC2B42D531004782CD /* Build configuration list for PBXNativeTarget "shared" */ = {
			isa = XCConfigurationList;
			buildConfigurations = (
				F2F82CFA2B42D531004782CD /* Debug */,
				F2F82CFB2B42D531004782CD /* Release */,
			);
			defaultConfigurationIsVisible = 0;
			defaultConfigurationName = Release;
		};
/* End XCConfigurationList section */

/* Begin XCRemoteSwiftPackageReference section */
		F215B70C2B31AF8C00D0F31D /* XCRemoteSwiftPackageReference "Alamofire" */ = {
			isa = XCRemoteSwiftPackageReference;
			repositoryURL = "https://github.com/Alamofire/Alamofire";
			requirement = {
				kind = upToNextMajorVersion;
				minimumVersion = 5.0.0;
			};
		};
		F24337D52B49C137007F9B53 /* XCRemoteSwiftPackageReference "swift-package-manager-google-mobile-ads" */ = {
			isa = XCRemoteSwiftPackageReference;
			repositoryURL = "https://github.com/googleads/swift-package-manager-google-mobile-ads.git";
			requirement = {
				kind = upToNextMajorVersion;
				minimumVersion = 10.0.0;
			};
		};
		F2F6CB252B1A6355001AC2EA /* XCRemoteSwiftPackageReference "SDWebImageSwiftUI" */ = {
			isa = XCRemoteSwiftPackageReference;
			repositoryURL = "https://github.com/SDWebImage/SDWebImageSwiftUI.git";
			requirement = {
				kind = upToNextMajorVersion;
				minimumVersion = 2.0.0;
			};
		};
/* End XCRemoteSwiftPackageReference section */

/* Begin XCSwiftPackageProductDependency section */
		F215B70D2B31AF8C00D0F31D /* Alamofire */ = {
			isa = XCSwiftPackageProductDependency;
			package = F215B70C2B31AF8C00D0F31D /* XCRemoteSwiftPackageReference "Alamofire" */;
			productName = Alamofire;
		};
		F24337D62B49C137007F9B53 /* GoogleMobileAds */ = {
			isa = XCSwiftPackageProductDependency;
			package = F24337D52B49C137007F9B53 /* XCRemoteSwiftPackageReference "swift-package-manager-google-mobile-ads" */;
			productName = GoogleMobileAds;
		};
		F2F6CB262B1A6355001AC2EA /* SDWebImageSwiftUI */ = {
			isa = XCSwiftPackageProductDependency;
			package = F2F6CB252B1A6355001AC2EA /* XCRemoteSwiftPackageReference "SDWebImageSwiftUI" */;
			productName = SDWebImageSwiftUI;
		};
/* End XCSwiftPackageProductDependency section */
	};
	rootObject = F2E35B8E2B060FA700B0F09B /* Project object */;
}
